{
  "name": "Ableton",
  "lockfileVersion": 3,
  "requires": true,
  "packages": {
    "": {
      "dependencies": {
        "fullpage.js": "^4.0.26"
      }
    },
    "node_modules/fullpage.js": {
      "version": "4.0.26",
      "resolved": "https://registry.npmjs.org/fullpage.js/-/fullpage.js-4.0.26.tgz",
      "integrity": "sha512-CCBA3Z6MVHuivfxnCV8KG7TaKJwSnsPLy+HcKkyyTJvZSN1hIDJ8XMYlGakmNqmyQSKlgP3BLDyJg6xjyoOi1w=="
    }
  }
}
